
Microsoft Visual Studio Solution File, Format Version 12.00
# Visual Studio Version 16
VisualStudioVersion = 16.0.31729.503
MinimumVisualStudioVersion = 10.0.40219.1
Project("{8BC9CEB8-8B4A-11D0-8D11-00A0C91BC942}") = "Lab2", "Lab2\Lab2.vcxproj", "{9D5027CE-862F-4BA2-A2A1-559482FEC6FC}"
EndProject
Global
	GlobalSection(SolutionConfigurationPlatforms) = preSolution
		Debug|x64 = Debug|x64
		Debug|x86 = Debug|x86
		Release|x64 = Release|x64
		Release|x86 = Release|x86
	EndGlobalSection
	GlobalSection(ProjectConfigurationPlatforms) = postSolution
		{9D5027CE-862F-4BA2-A2A1-559482FEC6FC}.Debug|x64.ActiveCfg = Debug|x64
		{9D5027CE-862F-4BA2-A2A1-559482FEC6FC}.Debug|x64.Build.0 = Debug|x64
		{9D5027CE-862F-4BA2-A2A1-559482FEC6FC}.Debug|x86.ActiveCfg = Debug|Win32
		{9D5027CE-862F-4BA2-A2A1-559482FEC6FC}.Debug|x86.Build.0 = Debug|Win32
		{9D5027CE-862F-4BA2-A2A1-559482FEC6FC}.Release|x64.ActiveCfg = Release|x64
		{9D5027CE-862F-4BA2-A2A1-559482FEC6FC}.Release|x64.Build.0 = Release|x64
		{9D5027CE-862F-4BA2-A2A1-559482FEC6FC}.Release|x86.ActiveCfg = Release|Win32
		{9D5027CE-862F-4BA2-A2A1-559482FEC6FC}.Release|x86.Build.0 = Release|Win32
	EndGlobalSection
	GlobalSection(SolutionProperties) = preSolution
		HideSolutionNode = FALSE
	EndGlobalSection
	GlobalSection(ExtensibilityGlobals) = postSolution
		SolutionGuid = {07000170-0AEA-47FF-900F-068A3772BC7F}
	EndGlobalSection
EndGlobal
